
Microsoft Visual Studio Solution File, Format Version 12.00
Project("{FAE04EC0-301F-11D3-BF4B-00C04F79EFBC}") = "Webinex.Coded", "Webinex.Coded\Webinex.Coded.csproj", "{C1F1ECED-D0F6-43E3-AF75-A1D7746715B9}"
EndProject
Project("{FAE04EC0-301F-11D3-BF4B-00C04F79EFBC}") = "Webinex.Coded.All", "Webinex.Coded.All\Webinex.Coded.All.csproj", "{237AFAE4-3CEE-4393-A22C-C65342337140}"
EndProject
Project("{FAE04EC0-301F-11D3-BF4B-00C04F79EFBC}") = "Webinex.Coded.AspNetCore", "Webinex.Coded.AspNetCore\Webinex.Coded.AspNetCore.csproj", "{EDF84A52-EE27-48F1-9F7F-EF7CAA0E29D2}"
EndProject
Global
	GlobalSection(SolutionConfigurationPlatforms) = preSolution
		Debug|Any CPU = Debug|Any CPU
		Release|Any CPU = Release|Any CPU
	EndGlobalSection
	GlobalSection(ProjectConfigurationPlatforms) = postSolution
		{C1F1ECED-D0F6-43E3-AF75-A1D7746715B9}.Debug|Any CPU.ActiveCfg = Debug|Any CPU
		{C1F1ECED-D0F6-43E3-AF75-A1D7746715B9}.Debug|Any CPU.Build.0 = Debug|Any CPU
		{C1F1ECED-D0F6-43E3-AF75-A1D7746715B9}.Release|Any CPU.ActiveCfg = Release|Any CPU
		{C1F1ECED-D0F6-43E3-AF75-A1D7746715B9}.Release|Any CPU.Build.0 = Release|Any CPU
		{237AFAE4-3CEE-4393-A22C-C65342337140}.Debug|Any CPU.ActiveCfg = Debug|Any CPU
		{237AFAE4-3CEE-4393-A22C-C65342337140}.Debug|Any CPU.Build.0 = Debug|Any CPU
		{237AFAE4-3CEE-4393-A22C-C65342337140}.Release|Any CPU.ActiveCfg = Release|Any CPU
		{237AFAE4-3CEE-4393-A22C-C65342337140}.Release|Any CPU.Build.0 = Release|Any CPU
		{EDF84A52-EE27-48F1-9F7F-EF7CAA0E29D2}.Debug|Any CPU.ActiveCfg = Debug|Any CPU
		{EDF84A52-EE27-48F1-9F7F-EF7CAA0E29D2}.Debug|Any CPU.Build.0 = Debug|Any CPU
		{EDF84A52-EE27-48F1-9F7F-EF7CAA0E29D2}.Release|Any CPU.ActiveCfg = Release|Any CPU
		{EDF84A52-EE27-48F1-9F7F-EF7CAA0E29D2}.Release|Any CPU.Build.0 = Release|Any CPU
	EndGlobalSection
EndGlobal
